<?xml version="1.0" encoding="utf-8"?>
<Project ToolsVersion="4.0" xmlns="http://schemas.microsoft.com/developer/msbuild/2003">
  <ItemGroup>
    <ClCompile Include="BezierCurveEvaluator.cpp" />
    <ClCompile Include="BSplineCurveEvaluator.cpp" />
    <ClCompile Include="curve.cpp" />
    <ClCompile Include="curveevaluator.cpp" />
    <ClCompile Include="IKSolver.cpp" />
    <ClCompile Include="linearcurveevaluator.cpp" />
    <ClCompile Include="camera.cpp" />
    <ClCompile Include="LSystem.cpp" />
    <ClCompile Include="Model.cpp" />
    <ClCompile Include="modelerapp.cpp" />
    <ClCompile Include="modelerdraw.cpp" />
    <ClCompile Include="modelerui.cpp" />
    <ClCompile Include="modeleruiwindows.cxx" />
    <ClCompile Include="modelerview.cpp" />
    <ClCompile Include="ModelHelper.cpp" />
    <ClCompile Include="ParticleEmitter.cpp" />
    <ClCompile Include="robotarm.cpp" />
    <ClCompile Include="bitmap.cpp" />
    <ClCompile Include="particle.cpp" />
    <ClCompile Include="particleSystem.cpp" />
    <ClCompile Include="point.cpp" />
    <ClCompile Include="pointObj.cpp" />
    <ClCompile Include="graphwidget.cpp" />
    <ClCompile Include="indicatorwindow.cpp" />
    <ClCompile Include="rect.cpp" />
    <ClCompile Include="rulerwindow.cpp" />
    <ClCompile Include="Torus.cpp" />
    <ClCompile Include="C2InterpolatingCurve.cpp" />
    <ClCompile Include="CatmullromCurveEvaluator.cpp" />
  </ItemGroup>
  <ItemGroup>
    <ClInclude Include="BezierCurveEvaluator.h" />
    <ClInclude Include="BSplineCurveEvaluator.h" />
    <ClInclude Include="curve.h" />
    <ClInclude Include="curveevaluator.h" />
    <ClInclude Include="IKSolver.h" />
    <ClInclude Include="linearcurveevaluator.h" />
    <ClInclude Include="camera.h" />
    <ClInclude Include="LSystem.h" />
    <ClInclude Include="modelerdraw.h" />
    <ClInclude Include="modelerglobals.h" />
    <ClInclude Include="modelerui.h" />
    <ClInclude Include="modeleruiwindows.h" />
    <ClInclude Include="modelerview.h" />
    <ClInclude Include="bitmap.h" />
    <ClInclude Include="ModelHelper.h" />
    <ClInclude Include="particle.h" />
    <ClInclude Include="ParticleEmitter.h" />
    <ClInclude Include="particleSystem.h" />
    <ClInclude Include="point.h" />
    <ClInclude Include="pointObj.h" />
    <ClInclude Include="graphwidget.h" />
    <ClInclude Include="indicatorwindow.h" />
    <ClInclude Include="modelerapp.h" />
    <ClInclude Include="rect.h" />
    <ClInclude Include="rulerwindow.h" />
    <ClInclude Include="mat.h" />
    <ClInclude Include="Torus.h" />
    <ClInclude Include="vec.h" />
    <ClInclude Include="C2InterpolatingCurve.h" />
    <ClInclude Include="CatmullromCurveEvaluator.h" />
  </ItemGroup>
  <ItemGroup>
    <None Include="cleanskel.pl" />
    <None Include="modeleruiwindows.fl" />
    <None Include="skelrenamer.pl" />
  </ItemGroup>
</Project>